// !$*UTF8*$!
{
	archiveVersion = 1;
	classes = {
	};
	objectVersion = 50;
	objects = {

/* Begin PBXBuildFile section */
		9E57E899228D3438008B1558 /* AppDelegate.swift in Sources */ = {isa = PBXBuildFile; fileRef = 9E57E898228D3438008B1558 /* AppDelegate.swift */; };
		9E57E89B228D3438008B1558 /* ViewController.swift in Sources */ = {isa = PBXBuildFile; fileRef = 9E57E89A228D3438008B1558 /* ViewController.swift */; };
		9E57E89E228D3438008B1558 /* Main.storyboard in Resources */ = {isa = PBXBuildFile; fileRef = 9E57E89C228D3438008B1558 /* Main.storyboard */; };
		9E57E8A1228D3438008B1558 /* tinkoffNews.xcdatamodeld in Sources */ = {isa = PBXBuildFile; fileRef = 9E57E89F228D3438008B1558 /* tinkoffNews.xcdatamodeld */; };
		9E57E8A3228D3439008B1558 /* Assets.xcassets in Resources */ = {isa = PBXBuildFile; fileRef = 9E57E8A2228D3439008B1558 /* Assets.xcassets */; };
		9E57E8A6228D3439008B1558 /* LaunchScreen.storyboard in Resources */ = {isa = PBXBuildFile; fileRef = 9E57E8A4228D3439008B1558 /* LaunchScreen.storyboard */; };
		9E57E8AE228D3686008B1558 /* TableViewController.swift in Sources */ = {isa = PBXBuildFile; fileRef = 9E57E8AD228D3686008B1558 /* TableViewController.swift */; };
		9E57E8B0228D486D008B1558 /* Structs.swift in Sources */ = {isa = PBXBuildFile; fileRef = 9E57E8AF228D486D008B1558 /* Structs.swift */; };
/* End PBXBuildFile section */

/* Begin PBXFileReference section */
		9E57E895228D3438008B1558 /* tinkoffNews.app */ = {isa = PBXFileReference; explicitFileType = wrapper.application; includeInIndex = 0; path = tinkoffNews.app; sourceTree = BUILT_PRODUCTS_DIR; };
		9E57E898228D3438008B1558 /* AppDelegate.swift */ = {isa = PBXFileReference; lastKnownFileType = sourcecode.swift; path = AppDelegate.swift; sourceTree = "<group>"; };
		9E57E89A228D3438008B1558 /* ViewController.swift */ = {isa = PBXFileReference; lastKnownFileType = sourcecode.swift; path = ViewController.swift; sourceTree = "<group>"; };
		9E57E89D228D3438008B1558 /* Base */ = {isa = PBXFileReference; lastKnownFileType = file.storyboard; name = Base; path = Base.lproj/Main.storyboard; sourceTree = "<group>"; };
		9E57E8A0228D3438008B1558 /* tinkoffNews.xcdatamodel */ = {isa = PBXFileReference; lastKnownFileType = wrapper.xcdatamodel; path = tinkoffNews.xcdatamodel; sourceTree = "<group>"; };
		9E57E8A2228D3439008B1558 /* Assets.xcassets */ = {isa = PBXFileReference; lastKnownFileType = folder.assetcatalog; path = Assets.xcassets; sourceTree = "<group>"; };
		9E57E8A5228D3439008B1558 /* Base */ = {isa = PBXFileReference; lastKnownFileType = file.storyboard; name = Base; path = Base.lproj/LaunchScreen.storyboard; sourceTree = "<group>"; };
		9E57E8A7228D3439008B1558 /* Info.plist */ = {isa = PBXFileReference; lastKnownFileType = text.plist.xml; path = Info.plist; sourceTree = "<group>"; };
		9E57E8AD228D3686008B1558 /* TableViewController.swift */ = {isa = PBXFileReference; lastKnownFileType = sourcecode.swift; path = TableViewController.swift; sourceTree = "<group>"; };
		9E57E8AF228D486D008B1558 /* Structs.swift */ = {isa = PBXFileReference; lastKnownFileType = sourcecode.swift; path = Structs.swift; sourceTree = "<group>"; };
/* End PBXFileReference section */

/* Begin PBXFrameworksBuildPhase section */
		9E57E892228D3438008B1558 /* Frameworks */ = {
			isa = PBXFrameworksBuildPhase;
			buildActionMask = 2147483647;
			files = (
			);
			runOnlyForDeploymentPostprocessing = 0;
		};
/* End PBXFrameworksBuildPhase section */

/* Begin PBXGroup section */
		9E57E88C228D3438008B1558 = {
			isa = PBXGroup;
			children = (
				9E57E897228D3438008B1558 /* tinkoffNews */,
				9E57E896228D3438008B1558 /* Products */,
			);
			sourceTree = "<group>";
		};
		9E57E896228D3438008B1558 /* Products */ = {
			isa = PBXGroup;
			children = (
				9E57E895228D3438008B1558 /* tinkoffNews.app */,
			);
			name = Products;
			sourceTree = "<group>";
		};
		9E57E897228D3438008B1558 /* tinkoffNews */ = {
			isa = PBXGroup;
			children = (
				9E57E898228D3438008B1558 /* AppDelegate.swift */,
				9E57E8AD228D3686008B1558 /* TableViewController.swift */,
				9E57E89A228D3438008B1558 /* ViewController.swift */,
				9E57E8AF228D486D008B1558 /* Structs.swift */,
				9E57E89C228D3438008B1558 /* Main.storyboard */,
				9E57E8A2228D3439008B1558 /* Assets.xcassets */,
				9E57E8A4228D3439008B1558 /* LaunchScreen.storyboard */,
				9E57E8A7228D3439008B1558 /* Info.plist */,
				9E57E89F228D3438008B1558 /* tinkoffNews.xcdatamodeld */,
			);
			path = tinkoffNews;
			sourceTree = "<group>";
		};
/* End PBXGroup section */

/* Begin PBXNativeTarget section */
		9E57E894228D3438008B1558 /* tinkoffNews */ = {
			isa = PBXNativeTarget;
			buildConfigurationList = 9E57E8AA228D3439008B1558 /* Build configuration list for PBXNativeTarget "tinkoffNews" */;
			buildPhases = (
				9E57E891228D3438008B1558 /* Sources */,
				9E57E892228D3438008B1558 /* Frameworks */,
				9E57E893228D3438008B1558 /* Resources */,
			);
			buildRules = (
			);
			dependencies = (
			);
			name = tinkoffNews;
			productName = tinkoffNews;
			productReference = 9E57E895228D3438008B1558 /* tinkoffNews.app */;
			productType = "com.apple.product-type.application";
		};
/* End PBXNativeTarget section */

/* Begin PBXProject section */
		9E57E88D228D3438008B1558 /* Project object */ = {
			isa = PBXProject;
			attributes = {
				LastSwiftUpdateCheck = 1020;
				LastUpgradeCheck = 1020;
				ORGANIZATIONNAME = "Gorbovtsova Ksenya";
				TargetAttributes = {
					9E57E894228D3438008B1558 = {
						CreatedOnToolsVersion = 10.2;
					};
				};
			};
			buildConfigurationList = 9E57E890228D3438008B1558 /* Build configuration list for PBXProject "tinkoffNews" */;
			compatibilityVersion = "Xcode 9.3";
			developmentRegion = en;
			hasScannedForEncodings = 0;
			knownRegions = (
				en,
				Base,
			);
			mainGroup = 9E57E88C228D3438008B1558;
			productRefGroup = 9E57E896228D3438008B1558 /* Products */;
			projectDirPath = "";
			projectRoot = "";
			targets = (
				9E57E894228D3438008B1558 /* tinkoffNews */,
			);
		};
/* End PBXProject section */

/* Begin PBXResourcesBuildPhase section */
		9E57E893228D3438008B1558 /* Resources */ = {
			isa = PBXResourcesBuildPhase;
			buildActionMask = 2147483647;
			files = (
				9E57E8A6228D3439008B1558 /* LaunchScreen.storyboard in Resources */,
				9E57E8A3228D3439008B1558 /* Assets.xcassets in Resources */,
				9E57E89E228D3438008B1558 /* Main.storyboard in Resources */,
			);
			runOnlyForDeploymentPostprocessing = 0;
		};
/* End PBXResourcesBuildPhase section */

/* Begin PBXSourcesBuildPhase section */
		9E57E891228D3438008B1558 /* Sources */ = {
			isa = PBXSourcesBuildPhase;
			buildActionMask = 2147483647;
			files = (
				9E57E89B228D3438008B1558 /* ViewController.swift in Sources */,
				9E57E8AE228D3686008B1558 /* TableViewController.swift in Sources */,
				9E57E899228D3438008B1558 /* AppDelegate.swift in Sources */,
				9E57E8B0228D486D008B1558 /* Structs.swift in Sources */,
				9E57E8A1228D3438008B1558 /* tinkoffNews.xcdatamodeld in Sources */,
			);
			runOnlyForDeploymentPostprocessing = 0;
		};
/* End PBXSourcesBuildPhase section */

/* Begin PBXVariantGroup section */
		9E57E89C228D3438008B1558 /* Main.storyboard */ = {
			isa = PBXVariantGroup;
			children = (
				9E57E89D228D3438008B1558 /* Base */,
			);
			name = Main.storyboard;
			sourceTree = "<group>";
		};
		9E57E8A4228D3439008B1558 /* LaunchScreen.storyboard */ = {
			isa = PBXVariantGroup;
			children = (
				9E57E8A5228D3439008B1558 /* Base */,
			);
			name = LaunchScreen.storyboard;
			sourceTree = "<group>";
		};
/* End PBXVariantGroup section */

/* Begin XCBuildConfiguration section */
		9E57E8A8228D3439008B1558 /* Debug */ = {
			isa = XCBuildConfiguration;
			buildSettings = {
				ALWAYS_SEARCH_USER_PATHS = NO;
				CLANG_ANALYZER_NONNULL = YES;
				CLANG_ANALYZER_NUMBER_OBJECT_CONVERSION = YES_AGGRESSIVE;
				CLANG_CXX_LANGUAGE_STANDARD = "gnu++14";
				CLANG_CXX_LIBRARY = "libc++";
				CLANG_ENABLE_MODULES = YES;
				CLANG_ENABLE_OBJC_ARC = YES;
				CLANG_ENABLE_OBJC_WEAK = YES;
				CLANG_WARN_BLOCK_CAPTURE_AUTORELEASING = YES;
				CLANG_WARN_BOOL_CONVERSION = YES;
				CLANG_WARN_COMMA = YES;
				CLANG_WARN_CONSTANT_CONVERSION = YES;
				CLANG_WARN_DEPRECATED_OBJC_IMPLEMENTATIONS = YES;
				CLANG_WARN_DIRECT_OBJC_ISA_USAGE = YES_ERROR;
				CLANG_WARN_DOCUMENTATION_COMMENTS = YES;
				CLANG_WARN_EMPTY_BODY = YES;
				CLANG_WARN_ENUM_CONVERSION = YES;
				CLANG_WARN_INFINITE_RECURSION = YES;
				CLANG_WARN_INT_CONVERSION = YES;
				CLANG_WARN_NON_LITERAL_NULL_CONVERSION = YES;
				CLANG_WARN_OBJC_IMPLICIT_RETAIN_SELF = YES;
				CLANG_WARN_OBJC_LITERAL_CONVERSION = YES;
				CLANG_WARN_OBJC_ROOT_CLASS = YES_ERROR;
				CLANG_WARN_RANGE_LOOP_ANALYSIS = YES;
				CLANG_WARN_STRICT_PROTOTYPES = YES;
				CLANG_WARN_SUSPICIOUS_MOVE = YES;
				CLANG_WARN_UNGUARDED_AVAILABILITY = YES_AGGRESSIVE;
				CLANG_WARN_UNREACHABLE_CODE = YES;
				CLANG_WARN__DUPLICATE_METHOD_MATCH = YES;
				CODE_SIGN_IDENTITY = "iPhone Developer";
				COPY_PHASE_STRIP = NO;
				DEBUG_INFORMATION_FORMAT = dwarf;
				ENABLE_STRICT_OBJC_MSGSEND = YES;
				ENABLE_TESTABILITY = YES;
				GCC_C_LANGUAGE_STANDARD = gnu11;
				GCC_DYNAMIC_NO_PIC = NO;
				GCC_NO_COMMON_BLOCKS = YES;
				GCC_OPTIMIZATION_LEVEL = 0;
				GCC_PREPROCESSOR_DEFINITIONS = (
					"DEBUG=1",
					"$(inherited)",
				);
				GCC_WARN_64_TO_32_BIT_CONVERSION = YES;
				GCC_WARN_ABOUT_RETURN_TYPE = YES_ERROR;
				GCC_WARN_UNDECLARED_SELECTOR = YES;
				GCC_WARN_UNINITIALIZED_AUTOS = YES_AGGRESSIVE;
				GCC_WARN_UNUSED_FUNCTION = YES;
				GCC_WARN_UNUSED_VARIABLE = YES;
				IPHONEOS_DEPLOYMENT_TARGET = 12.2;
				MTL_ENABLE_DEBUG_INFO = INCLUDE_SOURCE;
				MTL_FAST_MATH = YES;
				ONLY_ACTIVE_ARCH = YES;
				SDKROOT = iphoneos;
				SWIFT_ACTIVE_COMPILATION_CONDITIONS = DEBUG;
				SWIFT_OPTIMIZATION_LEVEL = "-Onone";
			};
			name = Debug;
		};
		9E57E8A9228D3439008B1558 /* Release */ = {
			isa = XCBuildConfiguration;
			buildSettings = {
				ALWAYS_SEARCH_USER_PATHS = NO;
				CLANG_ANALYZER_NONNULL = YES;
				CLANG_ANALYZER_NUMBER_OBJECT_CONVERSION = YES_AGGRESSIVE;
				CLANG_CXX_LANGUAGE_STANDARD = "gnu++14";
				CLANG_CXX_LIBRARY = "libc++";
				CLANG_ENABLE_MODULES = YES;
				CLANG_ENABLE_OBJC_ARC = YES;
				CLANG_ENABLE_OBJC_WEAK = YES;
				CLANG_WARN_BLOCK_CAPTURE_AUTORELEASING = YES;
				CLANG_WARN_BOOL_CONVERSION = YES;
				CLANG_WARN_COMMA = YES;
				CLANG_WARN_CONSTANT_CONVERSION = YES;
				CLANG_WARN_DEPRECATED_OBJC_IMPLEMENTATIONS = YES;
				CLANG_WARN_DIRECT_OBJC_ISA_USAGE = YES_ERROR;
				CLANG_WARN_DOCUMENTATION_COMMENTS = YES;
				CLANG_WARN_EMPTY_BODY = YES;
				CLANG_WARN_ENUM_CONVERSION = YES;
				CLANG_WARN_INFINITE_RECURSION = YES;
				CLANG_WARN_INT_CONVERSION = YES;
				CLANG_WARN_NON_LITERAL_NULL_CONVERSION = YES;
				CLANG_WARN_OBJC_IMPLICIT_RETAIN_SELF = YES;
				CLANG_WARN_OBJC_LITERAL_CONVERSION = YES;
				CLANG_WARN_OBJC_ROOT_CLASS = YES_ERROR;
				CLANG_WARN_RANGE_LOOP_ANALYSIS = YES;
				CLANG_WARN_STRICT_PROTOTYPES = YES;
				CLANG_WARN_SUSPICIOUS_MOVE = YES;
				CLANG_WARN_UNGUARDED_AVAILABILITY = YES_AGGRESSIVE;
				CLANG_WARN_UNREACHABLE_CODE = YES;
				CLANG_WARN__DUPLICATE_METHOD_MATCH = YES;
				CODE_SIGN_IDENTITY = "iPhone Developer";
				COPY_PHASE_STRIP = NO;
				DEBUG_INFORMATION_FORMAT = "dwarf-with-dsym";
				ENABLE_NS_ASSERTIONS = NO;
				ENABLE_STRICT_OBJC_MSGSEND = YES;
				GCC_C_LANGUAGE_STANDARD = gnu11;
				GCC_NO_COMMON_BLOCKS = YES;
				GCC_WARN_64_TO_32_BIT_CONVERSION = YES;
				GCC_WARN_ABOUT_RETURN_TYPE = YES_ERROR;
				GCC_WARN_UNDECLARED_SELECTOR = YES;
				GCC_WARN_UNINITIALIZED_AUTOS = YES_AGGRESSIVE;
				GCC_WARN_UNUSED_FUNCTION = YES;
				GCC_WARN_UNUSED_VARIABLE = YES;
				IPHONEOS_DEPLOYMENT_TARGET = 12.2;
				MTL_ENABLE_DEBUG_INFO = NO;
				MTL_FAST_MATH = YES;
				SDKROOT = iphoneos;
				SWIFT_COMPILATION_MODE = wholemodule;
				SWIFT_OPTIMIZATION_LEVEL = "-O";
				VALIDATE_PRODUCT = YES;
			};
			name = Release;
		};
		9E57E8AB228D3439008B1558 /* Debug */ = {
			isa = XCBuildConfiguration;
			buildSettings = {
				ASSETCATALOG_COMPILER_APPICON_NAME = AppIcon;
				CODE_SIGN_STYLE = Automatic;
				INFOPLIST_FILE = tinkoffNews/Info.plist;
				LD_RUNPATH_SEARCH_PATHS = (
					"$(inherited)",
					"@executable_path/Frameworks",
				);
				PRODUCT_BUNDLE_IDENTIFIER = KG.tinkoffNews;
				PRODUCT_NAME = "$(TARGET_NAME)";
				SWIFT_VERSION = 5.0;
				TARGETED_DEVICE_FAMILY = "1,2";
			};
			name = Debug;
		};
		9E57E8AC228D3439008B1558 /* Release */ = {
			isa = XCBuildConfiguration;
			buildSettings = {
				ASSETCATALOG_COMPILER_APPICON_NAME = AppIcon;
				CODE_SIGN_STYLE = Automatic;
				INFOPLIST_FILE = tinkoffNews/Info.plist;
				LD_RUNPATH_SEARCH_PATHS = (
					"$(inherited)",
					"@executable_path/Frameworks",
				);
				PRODUCT_BUNDLE_IDENTIFIER = KG.tinkoffNews;
				PRODUCT_NAME = "$(TARGET_NAME)";
				SWIFT_VERSION = 5.0;
				TARGETED_DEVICE_FAMILY = "1,2";
			};
			name = Release;
		};
/* End XCBuildConfiguration section */

/* Begin XCConfigurationList section */
		9E57E890228D3438008B1558 /* Build configuration list for PBXProject "tinkoffNews" */ = {
			isa = XCConfigurationList;
			buildConfigurations = (
				9E57E8A8228D3439008B1558 /* Debug */,
				9E57E8A9228D3439008B1558 /* Release */,
			);
			defaultConfigurationIsVisible = 0;
			defaultConfigurationName = Release;
		};
		9E57E8AA228D3439008B1558 /* Build configuration list for PBXNativeTarget "tinkoffNews" */ = {
			isa = XCConfigurationList;
			buildConfigurations = (
				9E57E8AB228D3439008B1558 /* Debug */,
				9E57E8AC228D3439008B1558 /* Release */,
			);
			defaultConfigurationIsVisible = 0;
			defaultConfigurationName = Release;
		};
/* End XCConfigurationList section */

/* Begin XCVersionGroup section */
		9E57E89F228D3438008B1558 /* tinkoffNews.xcdatamodeld */ = {
			isa = XCVersionGroup;
			children = (
				9E57E8A0228D3438008B1558 /* tinkoffNews.xcdatamodel */,
			);
			currentVersion = 9E57E8A0228D3438008B1558 /* tinkoffNews.xcdatamodel */;
			path = tinkoffNews.xcdatamodeld;
			sourceTree = "<group>";
			versionGroupType = wrapper.xcdatamodel;
		};
/* End XCVersionGroup section */
	};
	rootObject = 9E57E88D228D3438008B1558 /* Project object */;
}
